
Microsoft Visual Studio Solution File, Format Version 12.00
# Visual Studio Version 17
VisualStudioVersion = 17.9.34728.123
MinimumVisualStudioVersion = 10.0.40219.1
Project("{9A19103F-16F7-4668-BE54-9A1E7A4F7556}") = "CisCore", "CisCore.csproj", "{3A37EFDE-3754-46D8-8567-E67A58E060E1}"
EndProject
Global
	GlobalSection(SolutionConfigurationPlatforms) = preSolution
		Debug|Any CPU = Debug|Any CPU
		Release|Any CPU = Release|Any CPU
	EndGlobalSection
	GlobalSection(ProjectConfigurationPlatforms) = postSolution
		{3A37EFDE-3754-46D8-8567-E67A58E060E1}.Debug|Any CPU.ActiveCfg = Debug|Any CPU
		{3A37EFDE-3754-46D8-8567-E67A58E060E1}.Debug|Any CPU.Build.0 = Debug|Any CPU
		{3A37EFDE-3754-46D8-8567-E67A58E060E1}.Release|Any CPU.ActiveCfg = Release|Any CPU
		{3A37EFDE-3754-46D8-8567-E67A58E060E1}.Release|Any CPU.Build.0 = Release|Any CPU
	EndGlobalSection
	GlobalSection(SolutionProperties) = preSolution
		HideSolutionNode = FALSE
	EndGlobalSection
	GlobalSection(ExtensibilityGlobals) = postSolution
		SolutionGuid = {65427AAA-F87A-4018-BD1B-83FAA23C978E}
	EndGlobalSection
EndGlobal
